
Microsoft Visual Studio Solution File, Format Version 12.00
# Visual Studio 15
VisualStudioVersion = 15.0.28307.1259
MinimumVisualStudioVersion = 10.0.40219.1
Project("{FAE04EC0-301F-11D3-BF4B-00C04F79EFBC}") = "Label_Package", "Label_Package\Label_Package.csproj", "{C19AF50A-5987-4049-AC06-54BEF6DD428C}"
EndProject
Project("{54435603-DBB4-11D2-8724-00A0C9A8B90C}") = "Label_Package_Setup", "Label_Package_Setup\Label_Package_Setup.vdproj", "{B6E7311D-FCCD-4FB8-A43C-497514263A00}"
EndProject
Global
	GlobalSection(SolutionConfigurationPlatforms) = preSolution
		Debug|Any CPU = Debug|Any CPU
		Release|Any CPU = Release|Any CPU
	EndGlobalSection
	GlobalSection(ProjectConfigurationPlatforms) = postSolution
		{C19AF50A-5987-4049-AC06-54BEF6DD428C}.Debug|Any CPU.ActiveCfg = Debug|Any CPU
		{C19AF50A-5987-4049-AC06-54BEF6DD428C}.Debug|Any CPU.Build.0 = Debug|Any CPU
		{C19AF50A-5987-4049-AC06-54BEF6DD428C}.Release|Any CPU.ActiveCfg = Release|Any CPU
		{C19AF50A-5987-4049-AC06-54BEF6DD428C}.Release|Any CPU.Build.0 = Release|Any CPU
		{B6E7311D-FCCD-4FB8-A43C-497514263A00}.Debug|Any CPU.ActiveCfg = Debug
		{B6E7311D-FCCD-4FB8-A43C-497514263A00}.Release|Any CPU.ActiveCfg = Release
	EndGlobalSection
	GlobalSection(SolutionProperties) = preSolution
		HideSolutionNode = FALSE
	EndGlobalSection
	GlobalSection(ExtensibilityGlobals) = postSolution
		SolutionGuid = {6E5F293B-4489-4D13-AA8E-FC5FFBA039DE}
	EndGlobalSection
EndGlobal
